
Microsoft Visual Studio Solution File, Format Version 12.00
# Visual Studio Version 16
VisualStudioVersion = 25.0.1706.3
MinimumVisualStudioVersion = 10.0.40219.1
Project("{FAE04EC0-301F-11D3-BF4B-00C04F79EFBC}") = "IFEF_L6_2023", "IFEF_L6_2023\IFEF_L6_2023.csproj", "{40507440-16BA-4EB6-BD7C-13DD4DBFC293}"
EndProject
Global
	GlobalSection(SolutionConfigurationPlatforms) = preSolution
		Debug|Any CPU = Debug|Any CPU
		Release|Any CPU = Release|Any CPU
	EndGlobalSection
	GlobalSection(ProjectConfigurationPlatforms) = postSolution
		{40507440-16BA-4EB6-BD7C-13DD4DBFC293}.Debug|Any CPU.ActiveCfg = Debug|Any CPU
		{40507440-16BA-4EB6-BD7C-13DD4DBFC293}.Debug|Any CPU.Build.0 = Debug|Any CPU
		{40507440-16BA-4EB6-BD7C-13DD4DBFC293}.Release|Any CPU.ActiveCfg = Release|Any CPU
		{40507440-16BA-4EB6-BD7C-13DD4DBFC293}.Release|Any CPU.Build.0 = Release|Any CPU
	EndGlobalSection
	GlobalSection(SolutionProperties) = preSolution
		HideSolutionNode = FALSE
	EndGlobalSection
	GlobalSection(ExtensibilityGlobals) = postSolution
		SolutionGuid = {B51BB697-8F07-429A-9AFF-72E4ABEC0886}
	EndGlobalSection
EndGlobal
