
Microsoft Visual Studio Solution File, Format Version 12.00
# Visual Studio Version 16
VisualStudioVersion = 25.0.1706.3
MinimumVisualStudioVersion = 10.0.40219.1
Project("{FAE04EC0-301F-11D3-BF4B-00C04F79EFBC}") = "IFEF_L1_2023", "IFEF_L1_2023\IFEF_L1_2023.csproj", "{AC66B781-0D26-410F-A41A-F042C3A0E1EC}"
EndProject
Global
	GlobalSection(SolutionConfigurationPlatforms) = preSolution
		Debug|Any CPU = Debug|Any CPU
		Release|Any CPU = Release|Any CPU
	EndGlobalSection
	GlobalSection(ProjectConfigurationPlatforms) = postSolution
		{AC66B781-0D26-410F-A41A-F042C3A0E1EC}.Debug|Any CPU.ActiveCfg = Debug|Any CPU
		{AC66B781-0D26-410F-A41A-F042C3A0E1EC}.Debug|Any CPU.Build.0 = Debug|Any CPU
		{AC66B781-0D26-410F-A41A-F042C3A0E1EC}.Release|Any CPU.ActiveCfg = Release|Any CPU
		{AC66B781-0D26-410F-A41A-F042C3A0E1EC}.Release|Any CPU.Build.0 = Release|Any CPU
	EndGlobalSection
	GlobalSection(SolutionProperties) = preSolution
		HideSolutionNode = FALSE
	EndGlobalSection
	GlobalSection(ExtensibilityGlobals) = postSolution
		SolutionGuid = {B5BA4219-E4D5-460F-9321-0753885BDCB1}
	EndGlobalSection
EndGlobal
