
Microsoft Visual Studio Solution File, Format Version 12.00
# Visual Studio Version 16
VisualStudioVersion = 25.0.1706.3
MinimumVisualStudioVersion = 10.0.40219.1
Project("{FAE04EC0-301F-11D3-BF4B-00C04F79EFBC}") = "IFEF_L4_2023", "IFEF_L4_2023\IFEF_L4_2023.csproj", "{C93F25D5-19D8-4F18-9DBA-AA647F7CB917}"
EndProject
Global
	GlobalSection(SolutionConfigurationPlatforms) = preSolution
		Debug|Any CPU = Debug|Any CPU
		Release|Any CPU = Release|Any CPU
	EndGlobalSection
	GlobalSection(ProjectConfigurationPlatforms) = postSolution
		{C93F25D5-19D8-4F18-9DBA-AA647F7CB917}.Debug|Any CPU.ActiveCfg = Debug|Any CPU
		{C93F25D5-19D8-4F18-9DBA-AA647F7CB917}.Debug|Any CPU.Build.0 = Debug|Any CPU
		{C93F25D5-19D8-4F18-9DBA-AA647F7CB917}.Release|Any CPU.ActiveCfg = Release|Any CPU
		{C93F25D5-19D8-4F18-9DBA-AA647F7CB917}.Release|Any CPU.Build.0 = Release|Any CPU
	EndGlobalSection
	GlobalSection(SolutionProperties) = preSolution
		HideSolutionNode = FALSE
	EndGlobalSection
	GlobalSection(ExtensibilityGlobals) = postSolution
		SolutionGuid = {0FDDE5C3-1893-413B-9B0A-0C2985C6C14A}
	EndGlobalSection
EndGlobal
